
Microsoft Visual Studio Solution File, Format Version 12.00
# Visual Studio Version 17
VisualStudioVersion = 17.0.31903.59
MinimumVisualStudioVersion = 10.0.40219.1
Project("{2150E333-8FDC-42A3-9474-1A3956D46DE8}") = "src", "src", "{1D05AE2E-EEC1-4BA5-A521-84306864D4D4}"
EndProject
Project("{FAE04EC0-301F-11D3-BF4B-00C04F79EFBC}") = "Relay", "src\Relay\Relay.csproj", "{A20FAD38-B69D-46D1-84B2-306617D79089}"
EndProject
Project("{FAE04EC0-301F-11D3-BF4B-00C04F79EFBC}") = "Persistence", "src\Infrastructure\Persistence\Persistence.csproj", "{313F2375-22B9-49CF-98EC-7F37768CAF50}"
EndProject
Project("{FAE04EC0-301F-11D3-BF4B-00C04F79EFBC}") = "Persistence.Models", "src\Infrastructure\Persistence.Models\Persistence.Models.csproj", "{B9E1499D-8814-483F-A5A9-B29AD451E216}"
EndProject
Project("{2150E333-8FDC-42A3-9474-1A3956D46DE8}") = "tests", "tests", "{1EB3966A-0260-442F-ACAF-0047DF713731}"
EndProject
Project("{FAE04EC0-301F-11D3-BF4B-00C04F79EFBC}") = "Nostrfi.Tests", "tests\Nostrfi.Tests\Nostrfi.Tests.csproj", "{FFE9F249-3F8A-404D-A2B2-0A698981F3CD}"
EndProject
Project("{FAE04EC0-301F-11D3-BF4B-00C04F79EFBC}") = "Nostrize", "src\Nostrize\Nostrize.csproj", "{35B1D3D9-D117-4D2D-9451-171025D203E9}"
EndProject
Global
	GlobalSection(SolutionConfigurationPlatforms) = preSolution
		Debug|Any CPU = Debug|Any CPU
		Release|Any CPU = Release|Any CPU
	EndGlobalSection
	GlobalSection(SolutionProperties) = preSolution
		HideSolutionNode = FALSE
	EndGlobalSection
	GlobalSection(ProjectConfigurationPlatforms) = postSolution
		{A20FAD38-B69D-46D1-84B2-306617D79089}.Debug|Any CPU.ActiveCfg = Debug|Any CPU
		{A20FAD38-B69D-46D1-84B2-306617D79089}.Debug|Any CPU.Build.0 = Debug|Any CPU
		{A20FAD38-B69D-46D1-84B2-306617D79089}.Release|Any CPU.ActiveCfg = Release|Any CPU
		{A20FAD38-B69D-46D1-84B2-306617D79089}.Release|Any CPU.Build.0 = Release|Any CPU
		{313F2375-22B9-49CF-98EC-7F37768CAF50}.Debug|Any CPU.ActiveCfg = Debug|Any CPU
		{313F2375-22B9-49CF-98EC-7F37768CAF50}.Debug|Any CPU.Build.0 = Debug|Any CPU
		{313F2375-22B9-49CF-98EC-7F37768CAF50}.Release|Any CPU.ActiveCfg = Release|Any CPU
		{313F2375-22B9-49CF-98EC-7F37768CAF50}.Release|Any CPU.Build.0 = Release|Any CPU
		{B9E1499D-8814-483F-A5A9-B29AD451E216}.Debug|Any CPU.ActiveCfg = Debug|Any CPU
		{B9E1499D-8814-483F-A5A9-B29AD451E216}.Debug|Any CPU.Build.0 = Debug|Any CPU
		{B9E1499D-8814-483F-A5A9-B29AD451E216}.Release|Any CPU.ActiveCfg = Release|Any CPU
		{B9E1499D-8814-483F-A5A9-B29AD451E216}.Release|Any CPU.Build.0 = Release|Any CPU
		{FFE9F249-3F8A-404D-A2B2-0A698981F3CD}.Debug|Any CPU.ActiveCfg = Debug|Any CPU
		{FFE9F249-3F8A-404D-A2B2-0A698981F3CD}.Debug|Any CPU.Build.0 = Debug|Any CPU
		{FFE9F249-3F8A-404D-A2B2-0A698981F3CD}.Release|Any CPU.ActiveCfg = Release|Any CPU
		{FFE9F249-3F8A-404D-A2B2-0A698981F3CD}.Release|Any CPU.Build.0 = Release|Any CPU
		{35B1D3D9-D117-4D2D-9451-171025D203E9}.Debug|Any CPU.ActiveCfg = Debug|Any CPU
		{35B1D3D9-D117-4D2D-9451-171025D203E9}.Debug|Any CPU.Build.0 = Debug|Any CPU
		{35B1D3D9-D117-4D2D-9451-171025D203E9}.Release|Any CPU.ActiveCfg = Release|Any CPU
		{35B1D3D9-D117-4D2D-9451-171025D203E9}.Release|Any CPU.Build.0 = Release|Any CPU
	EndGlobalSection
	GlobalSection(NestedProjects) = preSolution
		{A20FAD38-B69D-46D1-84B2-306617D79089} = {1D05AE2E-EEC1-4BA5-A521-84306864D4D4}
		{313F2375-22B9-49CF-98EC-7F37768CAF50} = {1D05AE2E-EEC1-4BA5-A521-84306864D4D4}
		{B9E1499D-8814-483F-A5A9-B29AD451E216} = {1D05AE2E-EEC1-4BA5-A521-84306864D4D4}
		{FFE9F249-3F8A-404D-A2B2-0A698981F3CD} = {1EB3966A-0260-442F-ACAF-0047DF713731}
		{35B1D3D9-D117-4D2D-9451-171025D203E9} = {1D05AE2E-EEC1-4BA5-A521-84306864D4D4}
	EndGlobalSection
EndGlobal
